// !$*UTF8*$!
{
	archiveVersion = 1;
	classes = {
	};
	objectVersion = 51;
	objects = {

/* Begin PBXBuildFile section */
		0EEE4F0543F53413F1CDBBDF /* Pods_ProjectRequestNine.framework in Frameworks */ = {isa = PBXBuildFile; fileRef = 3B7814C231DB55A4A079AB38 /* Pods_ProjectRequestNine.framework */; };
		77C5C27B29C939A200897949 /* Pizza.swift in Sources */ = {isa = PBXBuildFile; fileRef = 77C5C27A29C939A200897949 /* Pizza.swift */; };
		77C5C27E29C93A6600897949 /* MyCustomCellXIB.swift in Sources */ = {isa = PBXBuildFile; fileRef = 77C5C27C29C93A6600897949 /* MyCustomCellXIB.swift */; };
		77C5C27F29C93A6600897949 /* MyCustomCellXIB.xib in Resources */ = {isa = PBXBuildFile; fileRef = 77C5C27D29C93A6600897949 /* MyCustomCellXIB.xib */; };
		77C5C28129C93E8500897949 /* PriceViewController.swift in Sources */ = {isa = PBXBuildFile; fileRef = 77C5C28029C93E8500897949 /* PriceViewController.swift */; };
		77C5C28329C9411200897949 /* RatingViewController.swift in Sources */ = {isa = PBXBuildFile; fileRef = 77C5C28229C9411200897949 /* RatingViewController.swift */; };
		77C5C28529C9429300897949 /* StartViewController.swift in Sources */ = {isa = PBXBuildFile; fileRef = 77C5C28429C9429300897949 /* StartViewController.swift */; };
		77F0B28429C938EF00CBB239 /* AppDelegate.swift in Sources */ = {isa = PBXBuildFile; fileRef = 77F0B28329C938EF00CBB239 /* AppDelegate.swift */; };
		77F0B28629C938EF00CBB239 /* SceneDelegate.swift in Sources */ = {isa = PBXBuildFile; fileRef = 77F0B28529C938EF00CBB239 /* SceneDelegate.swift */; };
		77F0B28829C938EF00CBB239 /* ViewController.swift in Sources */ = {isa = PBXBuildFile; fileRef = 77F0B28729C938EF00CBB239 /* ViewController.swift */; };
		77F0B28B29C938EF00CBB239 /* Main.storyboard in Resources */ = {isa = PBXBuildFile; fileRef = 77F0B28929C938EF00CBB239 /* Main.storyboard */; };
		77F0B28D29C938F000CBB239 /* Assets.xcassets in Resources */ = {isa = PBXBuildFile; fileRef = 77F0B28C29C938F000CBB239 /* Assets.xcassets */; };
		77F0B29029C938F000CBB239 /* LaunchScreen.storyboard in Resources */ = {isa = PBXBuildFile; fileRef = 77F0B28E29C938F000CBB239 /* LaunchScreen.storyboard */; };
/* End PBXBuildFile section */

/* Begin PBXFileReference section */
		3B7814C231DB55A4A079AB38 /* Pods_ProjectRequestNine.framework */ = {isa = PBXFileReference; explicitFileType = wrapper.framework; includeInIndex = 0; path = Pods_ProjectRequestNine.framework; sourceTree = BUILT_PRODUCTS_DIR; };
		77C5C27A29C939A200897949 /* Pizza.swift */ = {isa = PBXFileReference; lastKnownFileType = sourcecode.swift; path = Pizza.swift; sourceTree = "<group>"; };
		77C5C27C29C93A6600897949 /* MyCustomCellXIB.swift */ = {isa = PBXFileReference; lastKnownFileType = sourcecode.swift; path = MyCustomCellXIB.swift; sourceTree = "<group>"; };
		77C5C27D29C93A6600897949 /* MyCustomCellXIB.xib */ = {isa = PBXFileReference; lastKnownFileType = file.xib; path = MyCustomCellXIB.xib; sourceTree = "<group>"; };
		77C5C28029C93E8500897949 /* PriceViewController.swift */ = {isa = PBXFileReference; lastKnownFileType = sourcecode.swift; path = PriceViewController.swift; sourceTree = "<group>"; };
		77C5C28229C9411200897949 /* RatingViewController.swift */ = {isa = PBXFileReference; lastKnownFileType = sourcecode.swift; path = RatingViewController.swift; sourceTree = "<group>"; };
		77C5C28429C9429300897949 /* StartViewController.swift */ = {isa = PBXFileReference; lastKnownFileType = sourcecode.swift; path = StartViewController.swift; sourceTree = "<group>"; };
		77F0B28029C938EF00CBB239 /* ProjectRequestNine.app */ = {isa = PBXFileReference; explicitFileType = wrapper.application; includeInIndex = 0; path = ProjectRequestNine.app; sourceTree = BUILT_PRODUCTS_DIR; };
		77F0B28329C938EF00CBB239 /* AppDelegate.swift */ = {isa = PBXFileReference; lastKnownFileType = sourcecode.swift; path = AppDelegate.swift; sourceTree = "<group>"; };
		77F0B28529C938EF00CBB239 /* SceneDelegate.swift */ = {isa = PBXFileReference; lastKnownFileType = sourcecode.swift; path = SceneDelegate.swift; sourceTree = "<group>"; };
		77F0B28729C938EF00CBB239 /* ViewController.swift */ = {isa = PBXFileReference; lastKnownFileType = sourcecode.swift; path = ViewController.swift; sourceTree = "<group>"; };
		77F0B28A29C938EF00CBB239 /* Base */ = {isa = PBXFileReference; lastKnownFileType = file.storyboard; name = Base; path = Base.lproj/Main.storyboard; sourceTree = "<group>"; };
		77F0B28C29C938F000CBB239 /* Assets.xcassets */ = {isa = PBXFileReference; lastKnownFileType = folder.assetcatalog; path = Assets.xcassets; sourceTree = "<group>"; };
		77F0B28F29C938F000CBB239 /* Base */ = {isa = PBXFileReference; lastKnownFileType = file.storyboard; name = Base; path = Base.lproj/LaunchScreen.storyboard; sourceTree = "<group>"; };
		77F0B29129C938F000CBB239 /* Info.plist */ = {isa = PBXFileReference; lastKnownFileType = text.plist.xml; path = Info.plist; sourceTree = "<group>"; };
		86C70B9BC667E8F4FC5ACF9B /* Pods-ProjectRequestNine.debug.xcconfig */ = {isa = PBXFileReference; includeInIndex = 1; lastKnownFileType = text.xcconfig; name = "Pods-ProjectRequestNine.debug.xcconfig"; path = "Target Support Files/Pods-ProjectRequestNine/Pods-ProjectRequestNine.debug.xcconfig"; sourceTree = "<group>"; };
		A3879EB01E4ADBEF190BBAF3 /* Pods-ProjectRequestNine.release.xcconfig */ = {isa = PBXFileReference; includeInIndex = 1; lastKnownFileType = text.xcconfig; name = "Pods-ProjectRequestNine.release.xcconfig"; path = "Target Support Files/Pods-ProjectRequestNine/Pods-ProjectRequestNine.release.xcconfig"; sourceTree = "<group>"; };
/* End PBXFileReference section */

/* Begin PBXFrameworksBuildPhase section */
		77F0B27D29C938EF00CBB239 /* Frameworks */ = {
			isa = PBXFrameworksBuildPhase;
			buildActionMask = 2147483647;
			files = (
				0EEE4F0543F53413F1CDBBDF /* Pods_ProjectRequestNine.framework in Frameworks */,
			);
			runOnlyForDeploymentPostprocessing = 0;
		};
/* End PBXFrameworksBuildPhase section */

/* Begin PBXGroup section */
		4B9890D27055909810F8AAE5 /* Frameworks */ = {
			isa = PBXGroup;
			children = (
				3B7814C231DB55A4A079AB38 /* Pods_ProjectRequestNine.framework */,
			);
			name = Frameworks;
			sourceTree = "<group>";
		};
		77F0B27729C938EF00CBB239 = {
			isa = PBXGroup;
			children = (
				77F0B28229C938EF00CBB239 /* ProjectRequestNine */,
				77F0B28129C938EF00CBB239 /* Products */,
				F124AFB6F78DFC9780778080 /* Pods */,
				4B9890D27055909810F8AAE5 /* Frameworks */,
			);
			sourceTree = "<group>";
		};
		77F0B28129C938EF00CBB239 /* Products */ = {
			isa = PBXGroup;
			children = (
				77F0B28029C938EF00CBB239 /* ProjectRequestNine.app */,
			);
			name = Products;
			sourceTree = "<group>";
		};
		77F0B28229C938EF00CBB239 /* ProjectRequestNine */ = {
			isa = PBXGroup;
			children = (
				77F0B28329C938EF00CBB239 /* AppDelegate.swift */,
				77F0B28529C938EF00CBB239 /* SceneDelegate.swift */,
				77C5C27A29C939A200897949 /* Pizza.swift */,
				77F0B28729C938EF00CBB239 /* ViewController.swift */,
				77C5C28029C93E8500897949 /* PriceViewController.swift */,
				77C5C28229C9411200897949 /* RatingViewController.swift */,
				77C5C28429C9429300897949 /* StartViewController.swift */,
				77C5C27C29C93A6600897949 /* MyCustomCellXIB.swift */,
				77C5C27D29C93A6600897949 /* MyCustomCellXIB.xib */,
				77F0B28929C938EF00CBB239 /* Main.storyboard */,
				77F0B28C29C938F000CBB239 /* Assets.xcassets */,
				77F0B28E29C938F000CBB239 /* LaunchScreen.storyboard */,
				77F0B29129C938F000CBB239 /* Info.plist */,
			);
			path = ProjectRequestNine;
			sourceTree = "<group>";
		};
		F124AFB6F78DFC9780778080 /* Pods */ = {
			isa = PBXGroup;
			children = (
				86C70B9BC667E8F4FC5ACF9B /* Pods-ProjectRequestNine.debug.xcconfig */,
				A3879EB01E4ADBEF190BBAF3 /* Pods-ProjectRequestNine.release.xcconfig */,
			);
			path = Pods;
			sourceTree = "<group>";
		};
/* End PBXGroup section */

/* Begin PBXNativeTarget section */
		77F0B27F29C938EF00CBB239 /* ProjectRequestNine */ = {
			isa = PBXNativeTarget;
			buildConfigurationList = 77F0B29429C938F000CBB239 /* Build configuration list for PBXNativeTarget "ProjectRequestNine" */;
			buildPhases = (
				9E404CD27689AC93CAF1CF90 /* [CP] Check Pods Manifest.lock */,
				77F0B27C29C938EF00CBB239 /* Sources */,
				77F0B27D29C938EF00CBB239 /* Frameworks */,
				77F0B27E29C938EF00CBB239 /* Resources */,
				E06C285FA55397167FD50AA5 /* [CP] Embed Pods Frameworks */,
			);
			buildRules = (
			);
			dependencies = (
			);
			name = ProjectRequestNine;
			productName = ProjectRequestNine;
			productReference = 77F0B28029C938EF00CBB239 /* ProjectRequestNine.app */;
			productType = "com.apple.product-type.application";
		};
/* End PBXNativeTarget section */

/* Begin PBXProject section */
		77F0B27829C938EF00CBB239 /* Project object */ = {
			isa = PBXProject;
			attributes = {
				LastSwiftUpdateCheck = 1250;
				LastUpgradeCheck = 1250;
				TargetAttributes = {
					77F0B27F29C938EF00CBB239 = {
						CreatedOnToolsVersion = 12.5.1;
					};
				};
			};
			buildConfigurationList = 77F0B27B29C938EF00CBB239 /* Build configuration list for PBXProject "ProjectRequestNine" */;
			compatibilityVersion = "Xcode 9.3";
			developmentRegion = en;
			hasScannedForEncodings = 0;
			knownRegions = (
				en,
				Base,
			);
			mainGroup = 77F0B27729C938EF00CBB239;
			productRefGroup = 77F0B28129C938EF00CBB239 /* Products */;
			projectDirPath = "";
			projectRoot = "";
			targets = (
				77F0B27F29C938EF00CBB239 /* ProjectRequestNine */,
			);
		};
/* End PBXProject section */

/* Begin PBXResourcesBuildPhase section */
		77F0B27E29C938EF00CBB239 /* Resources */ = {
			isa = PBXResourcesBuildPhase;
			buildActionMask = 2147483647;
			files = (
				77C5C27F29C93A6600897949 /* MyCustomCellXIB.xib in Resources */,
				77F0B29029C938F000CBB239 /* LaunchScreen.storyboard in Resources */,
				77F0B28D29C938F000CBB239 /* Assets.xcassets in Resources */,
				77F0B28B29C938EF00CBB239 /* Main.storyboard in Resources */,
			);
			runOnlyForDeploymentPostprocessing = 0;
		};
/* End PBXResourcesBuildPhase section */

/* Begin PBXShellScriptBuildPhase section */
		9E404CD27689AC93CAF1CF90 /* [CP] Check Pods Manifest.lock */ = {
			isa = PBXShellScriptBuildPhase;
			buildActionMask = 2147483647;
			files = (
			);
			inputFileListPaths = (
			);
			inputPaths = (
				"${PODS_PODFILE_DIR_PATH}/Podfile.lock",
				"${PODS_ROOT}/Manifest.lock",
			);
			name = "[CP] Check Pods Manifest.lock";
			outputFileListPaths = (
			);
			outputPaths = (
				"$(DERIVED_FILE_DIR)/Pods-ProjectRequestNine-checkManifestLockResult.txt",
			);
			runOnlyForDeploymentPostprocessing = 0;
			shellPath = /bin/sh;
			shellScript = "diff \"${PODS_PODFILE_DIR_PATH}/Podfile.lock\" \"${PODS_ROOT}/Manifest.lock\" > /dev/null\nif [ $? != 0 ] ; then\n    # print error to STDERR\n    echo \"error: The sandbox is not in sync with the Podfile.lock. Run 'pod install' or update your CocoaPods installation.\" >&2\n    exit 1\nfi\n# This output is used by Xcode 'outputs' to avoid re-running this script phase.\necho \"SUCCESS\" > \"${SCRIPT_OUTPUT_FILE_0}\"\n";
			showEnvVarsInLog = 0;
		};
		E06C285FA55397167FD50AA5 /* [CP] Embed Pods Frameworks */ = {
			isa = PBXShellScriptBuildPhase;
			buildActionMask = 2147483647;
			files = (
			);
			inputFileListPaths = (
				"${PODS_ROOT}/Target Support Files/Pods-ProjectRequestNine/Pods-ProjectRequestNine-frameworks-${CONFIGURATION}-input-files.xcfilelist",
			);
			name = "[CP] Embed Pods Frameworks";
			outputFileListPaths = (
				"${PODS_ROOT}/Target Support Files/Pods-ProjectRequestNine/Pods-ProjectRequestNine-frameworks-${CONFIGURATION}-output-files.xcfilelist",
			);
			runOnlyForDeploymentPostprocessing = 0;
			shellPath = /bin/sh;
			shellScript = "\"${PODS_ROOT}/Target Support Files/Pods-ProjectRequestNine/Pods-ProjectRequestNine-frameworks.sh\"\n";
			showEnvVarsInLog = 0;
		};
/* End PBXShellScriptBuildPhase section */

/* Begin PBXSourcesBuildPhase section */
		77F0B27C29C938EF00CBB239 /* Sources */ = {
			isa = PBXSourcesBuildPhase;
			buildActionMask = 2147483647;
			files = (
				77C5C27B29C939A200897949 /* Pizza.swift in Sources */,
				77C5C28529C9429300897949 /* StartViewController.swift in Sources */,
				77C5C27E29C93A6600897949 /* MyCustomCellXIB.swift in Sources */,
				77C5C28129C93E8500897949 /* PriceViewController.swift in Sources */,
				77F0B28829C938EF00CBB239 /* ViewController.swift in Sources */,
				77F0B28429C938EF00CBB239 /* AppDelegate.swift in Sources */,
				77F0B28629C938EF00CBB239 /* SceneDelegate.swift in Sources */,
				77C5C28329C9411200897949 /* RatingViewController.swift in Sources */,
			);
			runOnlyForDeploymentPostprocessing = 0;
		};
/* End PBXSourcesBuildPhase section */

/* Begin PBXVariantGroup section */
		77F0B28929C938EF00CBB239 /* Main.storyboard */ = {
			isa = PBXVariantGroup;
			children = (
				77F0B28A29C938EF00CBB239 /* Base */,
			);
			name = Main.storyboard;
			sourceTree = "<group>";
		};
		77F0B28E29C938F000CBB239 /* LaunchScreen.storyboard */ = {
			isa = PBXVariantGroup;
			children = (
				77F0B28F29C938F000CBB239 /* Base */,
			);
			name = LaunchScreen.storyboard;
			sourceTree = "<group>";
		};
/* End PBXVariantGroup section */

/* Begin XCBuildConfiguration section */
		77F0B29229C938F000CBB239 /* Debug */ = {
			isa = XCBuildConfiguration;
			buildSettings = {
				ALWAYS_SEARCH_USER_PATHS = NO;
				CLANG_ANALYZER_NONNULL = YES;
				CLANG_ANALYZER_NUMBER_OBJECT_CONVERSION = YES_AGGRESSIVE;
				CLANG_CXX_LANGUAGE_STANDARD = "gnu++14";
				CLANG_CXX_LIBRARY = "libc++";
				CLANG_ENABLE_MODULES = YES;
				CLANG_ENABLE_OBJC_ARC = YES;
				CLANG_ENABLE_OBJC_WEAK = YES;
				CLANG_WARN_BLOCK_CAPTURE_AUTORELEASING = YES;
				CLANG_WARN_BOOL_CONVERSION = YES;
				CLANG_WARN_COMMA = YES;
				CLANG_WARN_CONSTANT_CONVERSION = YES;
				CLANG_WARN_DEPRECATED_OBJC_IMPLEMENTATIONS = YES;
				CLANG_WARN_DIRECT_OBJC_ISA_USAGE = YES_ERROR;
				CLANG_WARN_DOCUMENTATION_COMMENTS = YES;
				CLANG_WARN_EMPTY_BODY = YES;
				CLANG_WARN_ENUM_CONVERSION = YES;
				CLANG_WARN_INFINITE_RECURSION = YES;
				CLANG_WARN_INT_CONVERSION = YES;
				CLANG_WARN_NON_LITERAL_NULL_CONVERSION = YES;
				CLANG_WARN_OBJC_IMPLICIT_RETAIN_SELF = YES;
				CLANG_WARN_OBJC_LITERAL_CONVERSION = YES;
				CLANG_WARN_OBJC_ROOT_CLASS = YES_ERROR;
				CLANG_WARN_QUOTED_INCLUDE_IN_FRAMEWORK_HEADER = YES;
				CLANG_WARN_RANGE_LOOP_ANALYSIS = YES;
				CLANG_WARN_STRICT_PROTOTYPES = YES;
				CLANG_WARN_SUSPICIOUS_MOVE = YES;
				CLANG_WARN_UNGUARDED_AVAILABILITY = YES_AGGRESSIVE;
				CLANG_WARN_UNREACHABLE_CODE = YES;
				CLANG_WARN__DUPLICATE_METHOD_MATCH = YES;
				COPY_PHASE_STRIP = NO;
				DEBUG_INFORMATION_FORMAT = dwarf;
				ENABLE_STRICT_OBJC_MSGSEND = YES;
				ENABLE_TESTABILITY = YES;
				GCC_C_LANGUAGE_STANDARD = gnu11;
				GCC_DYNAMIC_NO_PIC = NO;
				GCC_NO_COMMON_BLOCKS = YES;
				GCC_OPTIMIZATION_LEVEL = 0;
				GCC_PREPROCESSOR_DEFINITIONS = (
					"DEBUG=1",
					"$(inherited)",
				);
				GCC_WARN_64_TO_32_BIT_CONVERSION = YES;
				GCC_WARN_ABOUT_RETURN_TYPE = YES_ERROR;
				GCC_WARN_UNDECLARED_SELECTOR = YES;
				GCC_WARN_UNINITIALIZED_AUTOS = YES_AGGRESSIVE;
				GCC_WARN_UNUSED_FUNCTION = YES;
				GCC_WARN_UNUSED_VARIABLE = YES;
				IPHONEOS_DEPLOYMENT_TARGET = 14.5;
				MTL_ENABLE_DEBUG_INFO = INCLUDE_SOURCE;
				MTL_FAST_MATH = YES;
				ONLY_ACTIVE_ARCH = YES;
				SDKROOT = iphoneos;
				SWIFT_ACTIVE_COMPILATION_CONDITIONS = DEBUG;
				SWIFT_OPTIMIZATION_LEVEL = "-Onone";
			};
			name = Debug;
		};
		77F0B29329C938F000CBB239 /* Release */ = {
			isa = XCBuildConfiguration;
			buildSettings = {
				ALWAYS_SEARCH_USER_PATHS = NO;
				CLANG_ANALYZER_NONNULL = YES;
				CLANG_ANALYZER_NUMBER_OBJECT_CONVERSION = YES_AGGRESSIVE;
				CLANG_CXX_LANGUAGE_STANDARD = "gnu++14";
				CLANG_CXX_LIBRARY = "libc++";
				CLANG_ENABLE_MODULES = YES;
				CLANG_ENABLE_OBJC_ARC = YES;
				CLANG_ENABLE_OBJC_WEAK = YES;
				CLANG_WARN_BLOCK_CAPTURE_AUTORELEASING = YES;
				CLANG_WARN_BOOL_CONVERSION = YES;
				CLANG_WARN_COMMA = YES;
				CLANG_WARN_CONSTANT_CONVERSION = YES;
				CLANG_WARN_DEPRECATED_OBJC_IMPLEMENTATIONS = YES;
				CLANG_WARN_DIRECT_OBJC_ISA_USAGE = YES_ERROR;
				CLANG_WARN_DOCUMENTATION_COMMENTS = YES;
				CLANG_WARN_EMPTY_BODY = YES;
				CLANG_WARN_ENUM_CONVERSION = YES;
				CLANG_WARN_INFINITE_RECURSION = YES;
				CLANG_WARN_INT_CONVERSION = YES;
				CLANG_WARN_NON_LITERAL_NULL_CONVERSION = YES;
				CLANG_WARN_OBJC_IMPLICIT_RETAIN_SELF = YES;
				CLANG_WARN_OBJC_LITERAL_CONVERSION = YES;
				CLANG_WARN_OBJC_ROOT_CLASS = YES_ERROR;
				CLANG_WARN_QUOTED_INCLUDE_IN_FRAMEWORK_HEADER = YES;
				CLANG_WARN_RANGE_LOOP_ANALYSIS = YES;
				CLANG_WARN_STRICT_PROTOTYPES = YES;
				CLANG_WARN_SUSPICIOUS_MOVE = YES;
				CLANG_WARN_UNGUARDED_AVAILABILITY = YES_AGGRESSIVE;
				CLANG_WARN_UNREACHABLE_CODE = YES;
				CLANG_WARN__DUPLICATE_METHOD_MATCH = YES;
				COPY_PHASE_STRIP = NO;
				DEBUG_INFORMATION_FORMAT = "dwarf-with-dsym";
				ENABLE_NS_ASSERTIONS = NO;
				ENABLE_STRICT_OBJC_MSGSEND = YES;
				GCC_C_LANGUAGE_STANDARD = gnu11;
				GCC_NO_COMMON_BLOCKS = YES;
				GCC_WARN_64_TO_32_BIT_CONVERSION = YES;
				GCC_WARN_ABOUT_RETURN_TYPE = YES_ERROR;
				GCC_WARN_UNDECLARED_SELECTOR = YES;
				GCC_WARN_UNINITIALIZED_AUTOS = YES_AGGRESSIVE;
				GCC_WARN_UNUSED_FUNCTION = YES;
				GCC_WARN_UNUSED_VARIABLE = YES;
				IPHONEOS_DEPLOYMENT_TARGET = 14.5;
				MTL_ENABLE_DEBUG_INFO = NO;
				MTL_FAST_MATH = YES;
				SDKROOT = iphoneos;
				SWIFT_COMPILATION_MODE = wholemodule;
				SWIFT_OPTIMIZATION_LEVEL = "-O";
				VALIDATE_PRODUCT = YES;
			};
			name = Release;
		};
		77F0B29529C938F000CBB239 /* Debug */ = {
			isa = XCBuildConfiguration;
			baseConfigurationReference = 86C70B9BC667E8F4FC5ACF9B /* Pods-ProjectRequestNine.debug.xcconfig */;
			buildSettings = {
				ASSETCATALOG_COMPILER_APPICON_NAME = AppIcon;
				ASSETCATALOG_COMPILER_GLOBAL_ACCENT_COLOR_NAME = AccentColor;
				CODE_SIGN_STYLE = Automatic;
				INFOPLIST_FILE = ProjectRequestNine/Info.plist;
				LD_RUNPATH_SEARCH_PATHS = (
					"$(inherited)",
					"@executable_path/Frameworks",
				);
				PRODUCT_BUNDLE_IDENTIFIER = Aninha.ProjectRequestNine;
				PRODUCT_NAME = "$(TARGET_NAME)";
				SWIFT_VERSION = 5.0;
				TARGETED_DEVICE_FAMILY = "1,2";
			};
			name = Debug;
		};
		77F0B29629C938F000CBB239 /* Release */ = {
			isa = XCBuildConfiguration;
			baseConfigurationReference = A3879EB01E4ADBEF190BBAF3 /* Pods-ProjectRequestNine.release.xcconfig */;
			buildSettings = {
				ASSETCATALOG_COMPILER_APPICON_NAME = AppIcon;
				ASSETCATALOG_COMPILER_GLOBAL_ACCENT_COLOR_NAME = AccentColor;
				CODE_SIGN_STYLE = Automatic;
				INFOPLIST_FILE = ProjectRequestNine/Info.plist;
				LD_RUNPATH_SEARCH_PATHS = (
					"$(inherited)",
					"@executable_path/Frameworks",
				);
				PRODUCT_BUNDLE_IDENTIFIER = Aninha.ProjectRequestNine;
				PRODUCT_NAME = "$(TARGET_NAME)";
				SWIFT_VERSION = 5.0;
				TARGETED_DEVICE_FAMILY = "1,2";
			};
			name = Release;
		};
/* End XCBuildConfiguration section */

/* Begin XCConfigurationList section */
		77F0B27B29C938EF00CBB239 /* Build configuration list for PBXProject "ProjectRequestNine" */ = {
			isa = XCConfigurationList;
			buildConfigurations = (
				77F0B29229C938F000CBB239 /* Debug */,
				77F0B29329C938F000CBB239 /* Release */,
			);
			defaultConfigurationIsVisible = 0;
			defaultConfigurationName = Release;
		};
		77F0B29429C938F000CBB239 /* Build configuration list for PBXNativeTarget "ProjectRequestNine" */ = {
			isa = XCConfigurationList;
			buildConfigurations = (
				77F0B29529C938F000CBB239 /* Debug */,
				77F0B29629C938F000CBB239 /* Release */,
			);
			defaultConfigurationIsVisible = 0;
			defaultConfigurationName = Release;
		};
/* End XCConfigurationList section */
	};
	rootObject = 77F0B27829C938EF00CBB239 /* Project object */;
}
